github.com/google/uuid v1.6.0 h1:NIvaJDMOsjHA8n1jAhLSgzrAzy1Hgr+hNrb57e+94F0=
github.com/google/uuid v1.6.0/go.mod h1:TIyPZe4MgqvfeYDBFedMoGGpEw/LqOeaOT+nhxU+yHo=
github.com/oarkflow/convert v0.0.5 h1:5s5DlnZLSUweB+EDUjynj0Eput7AkGUEQUvs/j4CWmM=
github.com/oarkflow/convert v0.0.5/go.mod h1:/N8EEJiKUCtYS//+UfS3IX3ej7K1wIPgW/1nBhbeEXs=
github.com/oarkflow/date v0.0.4 h1:EwY/wiS3CqZNBx7b2x+3kkJwVNuGk+G0dls76kL/fhU=
github.com/oarkflow/date v0.0.4/go.mod h1:xQTFc6p6O5VX6J75ZrPJbelIFGca1ASmhpgirFqL8vM=
github.com/oarkflow/licensing v0.0.24 h1:VcQBObxqoZH4iLV5S1fshgOL4B2GoKG5uV3YCzdINbg=
github.com/oarkflow/licensing v0.0.24/go.mod h1:tq0O+QIZ0yI/3+8/w57vh6K3UoQrmXYAfvadXAP9fKc=
github.com/oarkflow/shamir v0.0.2 h1:u4FO7xHX/O5px/bGN7Axf51XZCS8wfoaZgYRT14AvPE=
github.com/oarkflow/shamir v0.0.2/go.mod h1:p62l6V+YPhitBC5dr6+Y+a/+Bp8ggQ7YN0YHanedojw=
golang.org/x/crypto v0.45.0 h1:jMBrvKuj23MTlT0bQEOBcAE0mjg8mK9RXFhRH6nyF3Q=
golang.org/x/crypto v0.45.0/go.mod h1:XTGrrkGJve7CYK7J8PEww4aY7gM3qMCElcJQ8n8JdX4=
golang.org/x/sys v0.38.0 h1:3yZWxaJjBmCWXqhN1qh02AkOnCQ1poK6oF+a7xWL6Gc=
golang.org/x/sys v0.38.0/go.mod h1:OgkHotnGiDImocRcuBABYBEXf8A9a87e/uXjp9XT3ks=
golang.org/x/term v0.37.0 h1:8EGAD0qCmHYZg6J17DvsMy9/wJ7/D/4pV/wfnld5lTU=
golang.org/x/term v0.37.0/go.mod h1:5pB4lxRNYYVZuTLmy8oR2BH8dflOR+IbTYFD8fi3254=
